
Microsoft Visual Studio Solution File, Format Version 12.00
# Visual Studio 2012
Project("{FAE04EC0-301F-11D3-BF4B-00C04F79EFBC}") = "Iseu", "Iseu\Iseu.csproj", "{3472B1E5-B334-48A2-9D00-0861CCD1BDAF}"
EndProject
Global
	GlobalSection(SolutionConfigurationPlatforms) = preSolution
		Debug|Any CPU = Debug|Any CPU
		Release|Any CPU = Release|Any CPU
	EndGlobalSection
	GlobalSection(ProjectConfigurationPlatforms) = postSolution
		{3472B1E5-B334-48A2-9D00-0861CCD1BDAF}.Debug|Any CPU.ActiveCfg = Debug|Any CPU
		{3472B1E5-B334-48A2-9D00-0861CCD1BDAF}.Debug|Any CPU.Build.0 = Debug|Any CPU
		{3472B1E5-B334-48A2-9D00-0861CCD1BDAF}.Release|Any CPU.ActiveCfg = Release|Any CPU
		{3472B1E5-B334-48A2-9D00-0861CCD1BDAF}.Release|Any CPU.Build.0 = Release|Any CPU
	EndGlobalSection
	GlobalSection(SolutionProperties) = preSolution
		HideSolutionNode = FALSE
	EndGlobalSection
EndGlobal
